
Microsoft Visual Studio Solution File, Format Version 12.00
# Visual Studio 15
VisualStudioVersion = 15.0.28307.757
MinimumVisualStudioVersion = 10.0.40219.1
Project("{8BC9CEB8-8B4A-11D0-8D11-00A0C91BC942}") = "1c hw12", "1c hw12\1c hw12.vcxproj", "{7FB86670-AE67-47DB-A043-F1A253F5D70E}"
EndProject
Global
	GlobalSection(SolutionConfigurationPlatforms) = preSolution
		Debug|x64 = Debug|x64
		Debug|x86 = Debug|x86
		Release|x64 = Release|x64
		Release|x86 = Release|x86
	EndGlobalSection
	GlobalSection(ProjectConfigurationPlatforms) = postSolution
		{7FB86670-AE67-47DB-A043-F1A253F5D70E}.Debug|x64.ActiveCfg = Debug|x64
		{7FB86670-AE67-47DB-A043-F1A253F5D70E}.Debug|x64.Build.0 = Debug|x64
		{7FB86670-AE67-47DB-A043-F1A253F5D70E}.Debug|x86.ActiveCfg = Debug|Win32
		{7FB86670-AE67-47DB-A043-F1A253F5D70E}.Debug|x86.Build.0 = Debug|Win32
		{7FB86670-AE67-47DB-A043-F1A253F5D70E}.Release|x64.ActiveCfg = Release|x64
		{7FB86670-AE67-47DB-A043-F1A253F5D70E}.Release|x64.Build.0 = Release|x64
		{7FB86670-AE67-47DB-A043-F1A253F5D70E}.Release|x86.ActiveCfg = Release|Win32
		{7FB86670-AE67-47DB-A043-F1A253F5D70E}.Release|x86.Build.0 = Release|Win32
	EndGlobalSection
	GlobalSection(SolutionProperties) = preSolution
		HideSolutionNode = FALSE
	EndGlobalSection
	GlobalSection(ExtensibilityGlobals) = postSolution
		SolutionGuid = {DE19A08F-7B56-4CBD-A4FF-4C44ED745B71}
	EndGlobalSection
EndGlobal
