
Microsoft Visual Studio Solution File, Format Version 12.00
# Visual Studio 15
VisualStudioVersion = 15.0.28307.271
MinimumVisualStudioVersion = 10.0.40219.1
Project("{8BC9CEB8-8B4A-11D0-8D11-00A0C91BC942}") = "hw 2d", "hw 2d\hw 2d.vcxproj", "{1B80B558-1013-49B0-89D1-FFA6AE4C3FDE}"
EndProject
Global
	GlobalSection(SolutionConfigurationPlatforms) = preSolution
		Debug|x64 = Debug|x64
		Debug|x86 = Debug|x86
		Release|x64 = Release|x64
		Release|x86 = Release|x86
	EndGlobalSection
	GlobalSection(ProjectConfigurationPlatforms) = postSolution
		{1B80B558-1013-49B0-89D1-FFA6AE4C3FDE}.Debug|x64.ActiveCfg = Debug|x64
		{1B80B558-1013-49B0-89D1-FFA6AE4C3FDE}.Debug|x64.Build.0 = Debug|x64
		{1B80B558-1013-49B0-89D1-FFA6AE4C3FDE}.Debug|x86.ActiveCfg = Debug|Win32
		{1B80B558-1013-49B0-89D1-FFA6AE4C3FDE}.Debug|x86.Build.0 = Debug|Win32
		{1B80B558-1013-49B0-89D1-FFA6AE4C3FDE}.Release|x64.ActiveCfg = Release|x64
		{1B80B558-1013-49B0-89D1-FFA6AE4C3FDE}.Release|x64.Build.0 = Release|x64
		{1B80B558-1013-49B0-89D1-FFA6AE4C3FDE}.Release|x86.ActiveCfg = Release|Win32
		{1B80B558-1013-49B0-89D1-FFA6AE4C3FDE}.Release|x86.Build.0 = Release|Win32
	EndGlobalSection
	GlobalSection(SolutionProperties) = preSolution
		HideSolutionNode = FALSE
	EndGlobalSection
	GlobalSection(ExtensibilityGlobals) = postSolution
		SolutionGuid = {713386B4-2B4A-4308-8F4F-A28C0C7F58E2}
	EndGlobalSection
EndGlobal
