
Microsoft Visual Studio Solution File, Format Version 12.00
# Visual Studio 15
VisualStudioVersion = 15.0.28307.271
MinimumVisualStudioVersion = 10.0.40219.1
Project("{8BC9CEB8-8B4A-11D0-8D11-00A0C91BC942}") = "class test", "class test\class test.vcxproj", "{0FDD6D89-E8D0-4E61-84FC-459E5C8C3A47}"
EndProject
Global
	GlobalSection(SolutionConfigurationPlatforms) = preSolution
		Debug|x64 = Debug|x64
		Debug|x86 = Debug|x86
		Release|x64 = Release|x64
		Release|x86 = Release|x86
	EndGlobalSection
	GlobalSection(ProjectConfigurationPlatforms) = postSolution
		{0FDD6D89-E8D0-4E61-84FC-459E5C8C3A47}.Debug|x64.ActiveCfg = Debug|x64
		{0FDD6D89-E8D0-4E61-84FC-459E5C8C3A47}.Debug|x64.Build.0 = Debug|x64
		{0FDD6D89-E8D0-4E61-84FC-459E5C8C3A47}.Debug|x86.ActiveCfg = Debug|Win32
		{0FDD6D89-E8D0-4E61-84FC-459E5C8C3A47}.Debug|x86.Build.0 = Debug|Win32
		{0FDD6D89-E8D0-4E61-84FC-459E5C8C3A47}.Release|x64.ActiveCfg = Release|x64
		{0FDD6D89-E8D0-4E61-84FC-459E5C8C3A47}.Release|x64.Build.0 = Release|x64
		{0FDD6D89-E8D0-4E61-84FC-459E5C8C3A47}.Release|x86.ActiveCfg = Release|Win32
		{0FDD6D89-E8D0-4E61-84FC-459E5C8C3A47}.Release|x86.Build.0 = Release|Win32
	EndGlobalSection
	GlobalSection(SolutionProperties) = preSolution
		HideSolutionNode = FALSE
	EndGlobalSection
	GlobalSection(ExtensibilityGlobals) = postSolution
		SolutionGuid = {B9798581-6810-40FA-AA1A-5AF19732185E}
	EndGlobalSection
EndGlobal
