
Microsoft Visual Studio Solution File, Format Version 12.00
# Visual Studio 15
VisualStudioVersion = 15.0.28307.757
MinimumVisualStudioVersion = 10.0.40219.1
Project("{8BC9CEB8-8B4A-11D0-8D11-00A0C91BC942}") = "1d hw10 - A-Star + MST", "1d hw10 - A-Star + MST\1d hw10 - A-Star + MST.vcxproj", "{0DC21BBC-9CDD-4B9E-A627-426B26A17BFA}"
EndProject
Global
	GlobalSection(SolutionConfigurationPlatforms) = preSolution
		Debug|x64 = Debug|x64
		Debug|x86 = Debug|x86
		Release|x64 = Release|x64
		Release|x86 = Release|x86
	EndGlobalSection
	GlobalSection(ProjectConfigurationPlatforms) = postSolution
		{0DC21BBC-9CDD-4B9E-A627-426B26A17BFA}.Debug|x64.ActiveCfg = Debug|x64
		{0DC21BBC-9CDD-4B9E-A627-426B26A17BFA}.Debug|x64.Build.0 = Debug|x64
		{0DC21BBC-9CDD-4B9E-A627-426B26A17BFA}.Debug|x86.ActiveCfg = Debug|Win32
		{0DC21BBC-9CDD-4B9E-A627-426B26A17BFA}.Debug|x86.Build.0 = Debug|Win32
		{0DC21BBC-9CDD-4B9E-A627-426B26A17BFA}.Release|x64.ActiveCfg = Release|x64
		{0DC21BBC-9CDD-4B9E-A627-426B26A17BFA}.Release|x64.Build.0 = Release|x64
		{0DC21BBC-9CDD-4B9E-A627-426B26A17BFA}.Release|x86.ActiveCfg = Release|Win32
		{0DC21BBC-9CDD-4B9E-A627-426B26A17BFA}.Release|x86.Build.0 = Release|Win32
	EndGlobalSection
	GlobalSection(SolutionProperties) = preSolution
		HideSolutionNode = FALSE
	EndGlobalSection
	GlobalSection(ExtensibilityGlobals) = postSolution
		SolutionGuid = {763C60E0-8CFD-41AF-9824-23B8B91C06F4}
	EndGlobalSection
EndGlobal
