
Microsoft Visual Studio Solution File, Format Version 12.00
# Visual Studio 15
VisualStudioVersion = 15.0.28307.572
MinimumVisualStudioVersion = 10.0.40219.1
Project("{8BC9CEB8-8B4A-11D0-8D11-00A0C91BC942}") = "Ordered Linked List", "Ordered Linked List\Ordered Linked List.vcxproj", "{BAC87C0C-2228-4B23-8505-F4C27BDADABC}"
EndProject
Global
	GlobalSection(SolutionConfigurationPlatforms) = preSolution
		Debug|x64 = Debug|x64
		Debug|x86 = Debug|x86
		Release|x64 = Release|x64
		Release|x86 = Release|x86
	EndGlobalSection
	GlobalSection(ProjectConfigurationPlatforms) = postSolution
		{BAC87C0C-2228-4B23-8505-F4C27BDADABC}.Debug|x64.ActiveCfg = Debug|x64
		{BAC87C0C-2228-4B23-8505-F4C27BDADABC}.Debug|x64.Build.0 = Debug|x64
		{BAC87C0C-2228-4B23-8505-F4C27BDADABC}.Debug|x86.ActiveCfg = Debug|Win32
		{BAC87C0C-2228-4B23-8505-F4C27BDADABC}.Debug|x86.Build.0 = Debug|Win32
		{BAC87C0C-2228-4B23-8505-F4C27BDADABC}.Release|x64.ActiveCfg = Release|x64
		{BAC87C0C-2228-4B23-8505-F4C27BDADABC}.Release|x64.Build.0 = Release|x64
		{BAC87C0C-2228-4B23-8505-F4C27BDADABC}.Release|x86.ActiveCfg = Release|Win32
		{BAC87C0C-2228-4B23-8505-F4C27BDADABC}.Release|x86.Build.0 = Release|Win32
	EndGlobalSection
	GlobalSection(SolutionProperties) = preSolution
		HideSolutionNode = FALSE
	EndGlobalSection
	GlobalSection(ExtensibilityGlobals) = postSolution
		SolutionGuid = {1739B21A-5613-43EC-9FAE-10FA2F5E2C4F}
	EndGlobalSection
EndGlobal
