
Microsoft Visual Studio Solution File, Format Version 12.00
# Visual Studio 15
VisualStudioVersion = 15.0.28307.645
MinimumVisualStudioVersion = 10.0.40219.1
Project("{8BC9CEB8-8B4A-11D0-8D11-00A0C91BC942}") = "hw07", "hw07\hw07.vcxproj", "{BABCD1C1-06DF-4383-8219-82E7E80E0CBB}"
EndProject
Global
	GlobalSection(SolutionConfigurationPlatforms) = preSolution
		Debug|x64 = Debug|x64
		Debug|x86 = Debug|x86
		Release|x64 = Release|x64
		Release|x86 = Release|x86
	EndGlobalSection
	GlobalSection(ProjectConfigurationPlatforms) = postSolution
		{BABCD1C1-06DF-4383-8219-82E7E80E0CBB}.Debug|x64.ActiveCfg = Debug|x64
		{BABCD1C1-06DF-4383-8219-82E7E80E0CBB}.Debug|x64.Build.0 = Debug|x64
		{BABCD1C1-06DF-4383-8219-82E7E80E0CBB}.Debug|x86.ActiveCfg = Debug|Win32
		{BABCD1C1-06DF-4383-8219-82E7E80E0CBB}.Debug|x86.Build.0 = Debug|Win32
		{BABCD1C1-06DF-4383-8219-82E7E80E0CBB}.Release|x64.ActiveCfg = Release|x64
		{BABCD1C1-06DF-4383-8219-82E7E80E0CBB}.Release|x64.Build.0 = Release|x64
		{BABCD1C1-06DF-4383-8219-82E7E80E0CBB}.Release|x86.ActiveCfg = Release|Win32
		{BABCD1C1-06DF-4383-8219-82E7E80E0CBB}.Release|x86.Build.0 = Release|Win32
	EndGlobalSection
	GlobalSection(SolutionProperties) = preSolution
		HideSolutionNode = FALSE
	EndGlobalSection
	GlobalSection(ExtensibilityGlobals) = postSolution
		SolutionGuid = {D0D8F241-0585-48F1-B7AA-74B2C228A61C}
	EndGlobalSection
EndGlobal
